
Microsoft Visual Studio Solution File, Format Version 12.00
# Visual Studio Version 17
VisualStudioVersion = 17.14.36408.4
MinimumVisualStudioVersion = 10.0.40219.1
Project("{FAE04EC0-301F-11D3-BF4B-00C04F79EFBC}") = "Loggin_Example", "Loggin_Example\Loggin_Example.csproj", "{CBEC4B14-55DC-48B6-BBA3-60E32FFF889E}"
EndProject
Project("{FAE04EC0-301F-11D3-BF4B-00C04F79EFBC}") = "BookDemo", "BookDemo\BookDemo.csproj", "{DC7E2710-308F-462E-9177-8EA5EB99E92C}"
EndProject
Project("{2150E333-8FDC-42A3-9474-1A3956D46DE8}") = "EfCore_Example", "EfCore_Example", "{02EA681E-C7D8-13C7-8484-4AC65E1B71E8}"
EndProject
Project("{FAE04EC0-301F-11D3-BF4B-00C04F79EFBC}") = "WebApi", "EfCore_Example\WebApi\WebApi.csproj", "{44A5F338-F08A-43F7-802F-E9C983E26CDA}"
EndProject
Project("{2150E333-8FDC-42A3-9474-1A3956D46DE8}") = "nTierArchitecture", "nTierArchitecture", "{08E8A7C8-7940-4469-83E6-1AC437976209}"
EndProject
Project("{FAE04EC0-301F-11D3-BF4B-00C04F79EFBC}") = "nTier.Entites", "nTierArchitecture\nTier.Entites\nTier.Entites.csproj", "{C155DB4A-A523-40B6-980C-57C81CC71DE2}"
EndProject
Project("{FAE04EC0-301F-11D3-BF4B-00C04F79EFBC}") = "nTier.WebApi", "nTierArchitecture\nTier.WebApi\nTier.WebApi.csproj", "{0CD78FDA-5217-4506-94A5-B73BF4AC4D91}"
EndProject
Project("{FAE04EC0-301F-11D3-BF4B-00C04F79EFBC}") = "nTier.Repositories", "nTierArchitecture\nTier.Repositories\nTier.Repositories.csproj", "{2AD995E3-D201-4F0F-B02F-F52A85DA80F6}"
EndProject
Project("{FAE04EC0-301F-11D3-BF4B-00C04F79EFBC}") = "nTier.Services", "nTierArchitecture\nTier.Services\nTier.Services.csproj", "{3507246F-FCA4-44CE-AE4C-B01C77C4A14B}"
EndProject
Global
	GlobalSection(SolutionConfigurationPlatforms) = preSolution
		Debug|Any CPU = Debug|Any CPU
		Release|Any CPU = Release|Any CPU
	EndGlobalSection
	GlobalSection(ProjectConfigurationPlatforms) = postSolution
		{CBEC4B14-55DC-48B6-BBA3-60E32FFF889E}.Debug|Any CPU.ActiveCfg = Debug|Any CPU
		{CBEC4B14-55DC-48B6-BBA3-60E32FFF889E}.Debug|Any CPU.Build.0 = Debug|Any CPU
		{CBEC4B14-55DC-48B6-BBA3-60E32FFF889E}.Release|Any CPU.ActiveCfg = Release|Any CPU
		{CBEC4B14-55DC-48B6-BBA3-60E32FFF889E}.Release|Any CPU.Build.0 = Release|Any CPU
		{DC7E2710-308F-462E-9177-8EA5EB99E92C}.Debug|Any CPU.ActiveCfg = Debug|Any CPU
		{DC7E2710-308F-462E-9177-8EA5EB99E92C}.Debug|Any CPU.Build.0 = Debug|Any CPU
		{DC7E2710-308F-462E-9177-8EA5EB99E92C}.Release|Any CPU.ActiveCfg = Release|Any CPU
		{DC7E2710-308F-462E-9177-8EA5EB99E92C}.Release|Any CPU.Build.0 = Release|Any CPU
		{44A5F338-F08A-43F7-802F-E9C983E26CDA}.Debug|Any CPU.ActiveCfg = Debug|Any CPU
		{44A5F338-F08A-43F7-802F-E9C983E26CDA}.Debug|Any CPU.Build.0 = Debug|Any CPU
		{44A5F338-F08A-43F7-802F-E9C983E26CDA}.Release|Any CPU.ActiveCfg = Release|Any CPU
		{44A5F338-F08A-43F7-802F-E9C983E26CDA}.Release|Any CPU.Build.0 = Release|Any CPU
		{C155DB4A-A523-40B6-980C-57C81CC71DE2}.Debug|Any CPU.ActiveCfg = Debug|Any CPU
		{C155DB4A-A523-40B6-980C-57C81CC71DE2}.Debug|Any CPU.Build.0 = Debug|Any CPU
		{C155DB4A-A523-40B6-980C-57C81CC71DE2}.Release|Any CPU.ActiveCfg = Release|Any CPU
		{C155DB4A-A523-40B6-980C-57C81CC71DE2}.Release|Any CPU.Build.0 = Release|Any CPU
		{0CD78FDA-5217-4506-94A5-B73BF4AC4D91}.Debug|Any CPU.ActiveCfg = Debug|Any CPU
		{0CD78FDA-5217-4506-94A5-B73BF4AC4D91}.Debug|Any CPU.Build.0 = Debug|Any CPU
		{0CD78FDA-5217-4506-94A5-B73BF4AC4D91}.Release|Any CPU.ActiveCfg = Release|Any CPU
		{0CD78FDA-5217-4506-94A5-B73BF4AC4D91}.Release|Any CPU.Build.0 = Release|Any CPU
		{2AD995E3-D201-4F0F-B02F-F52A85DA80F6}.Debug|Any CPU.ActiveCfg = Debug|Any CPU
		{2AD995E3-D201-4F0F-B02F-F52A85DA80F6}.Debug|Any CPU.Build.0 = Debug|Any CPU
		{2AD995E3-D201-4F0F-B02F-F52A85DA80F6}.Release|Any CPU.ActiveCfg = Release|Any CPU
		{2AD995E3-D201-4F0F-B02F-F52A85DA80F6}.Release|Any CPU.Build.0 = Release|Any CPU
		{3507246F-FCA4-44CE-AE4C-B01C77C4A14B}.Debug|Any CPU.ActiveCfg = Debug|Any CPU
		{3507246F-FCA4-44CE-AE4C-B01C77C4A14B}.Debug|Any CPU.Build.0 = Debug|Any CPU
		{3507246F-FCA4-44CE-AE4C-B01C77C4A14B}.Release|Any CPU.ActiveCfg = Release|Any CPU
		{3507246F-FCA4-44CE-AE4C-B01C77C4A14B}.Release|Any CPU.Build.0 = Release|Any CPU
	EndGlobalSection
	GlobalSection(SolutionProperties) = preSolution
		HideSolutionNode = FALSE
	EndGlobalSection
	GlobalSection(NestedProjects) = preSolution
		{44A5F338-F08A-43F7-802F-E9C983E26CDA} = {02EA681E-C7D8-13C7-8484-4AC65E1B71E8}
		{C155DB4A-A523-40B6-980C-57C81CC71DE2} = {08E8A7C8-7940-4469-83E6-1AC437976209}
		{0CD78FDA-5217-4506-94A5-B73BF4AC4D91} = {08E8A7C8-7940-4469-83E6-1AC437976209}
		{2AD995E3-D201-4F0F-B02F-F52A85DA80F6} = {08E8A7C8-7940-4469-83E6-1AC437976209}
		{3507246F-FCA4-44CE-AE4C-B01C77C4A14B} = {08E8A7C8-7940-4469-83E6-1AC437976209}
	EndGlobalSection
	GlobalSection(ExtensibilityGlobals) = postSolution
		SolutionGuid = {C33921BA-5303-486F-8D9E-8F095EAC9A60}
	EndGlobalSection
EndGlobal
